
Microsoft Visual Studio Solution File, Format Version 12.00
# Visual Studio Version 16
VisualStudioVersion = 16.0.29905.134
MinimumVisualStudioVersion = 10.0.40219.1
Project("{9A19103F-16F7-4668-BE54-9A1E7A4F7556}") = "DesignPatterns.StrategyPattern", "src\DesignPatterns.StrategyPattern\DesignPatterns.StrategyPattern.csproj", "{75CA82F6-7CAC-4527-9AB0-05AC75843B74}"
EndProject
Project("{2150E333-8FDC-42A3-9474-1A3956D46DE8}") = "src", "src", "{C75D5666-6E1F-40D4-9AE9-1C0CC5940BC0}"
EndProject
Project("{9A19103F-16F7-4668-BE54-9A1E7A4F7556}") = "DesignPatterns.ObserverPattern", "src\DesignPatterns.ObserverPattern\DesignPatterns.ObserverPattern.csproj", "{18A5DA1E-47B8-4A3C-ADDA-531FA5FCBDF4}"
EndProject
Project("{9A19103F-16F7-4668-BE54-9A1E7A4F7556}") = "DesignPatterns.CommandPattern", "src\DesignPatterns.CommandPattern\DesignPatterns.CommandPattern.csproj", "{C55E59F1-E6A4-4B61-AB86-8A7BA03E64DC}"
EndProject
Project("{9A19103F-16F7-4668-BE54-9A1E7A4F7556}") = "DesignPatterns.ProxyPattern", "src\DesignPatterns.ProxyPattern\DesignPatterns.ProxyPattern.csproj", "{653B8928-3A8F-4912-BCD2-E658900205A9}"
EndProject
Project("{FAE04EC0-301F-11D3-BF4B-00C04F79EFBC}") = "DesignPatterns.BridgePattern", "src\DesignPatterns.BridgePattern\DesignPatterns.BridgePattern.csproj", "{A0A460B9-CEB7-4B8C-898D-897708B7684B}"
EndProject
Global
	GlobalSection(SolutionConfigurationPlatforms) = preSolution
		Debug|Any CPU = Debug|Any CPU
		Release|Any CPU = Release|Any CPU
	EndGlobalSection
	GlobalSection(ProjectConfigurationPlatforms) = postSolution
		{75CA82F6-7CAC-4527-9AB0-05AC75843B74}.Debug|Any CPU.ActiveCfg = Debug|Any CPU
		{75CA82F6-7CAC-4527-9AB0-05AC75843B74}.Debug|Any CPU.Build.0 = Debug|Any CPU
		{75CA82F6-7CAC-4527-9AB0-05AC75843B74}.Release|Any CPU.ActiveCfg = Release|Any CPU
		{75CA82F6-7CAC-4527-9AB0-05AC75843B74}.Release|Any CPU.Build.0 = Release|Any CPU
		{18A5DA1E-47B8-4A3C-ADDA-531FA5FCBDF4}.Debug|Any CPU.ActiveCfg = Debug|Any CPU
		{18A5DA1E-47B8-4A3C-ADDA-531FA5FCBDF4}.Debug|Any CPU.Build.0 = Debug|Any CPU
		{18A5DA1E-47B8-4A3C-ADDA-531FA5FCBDF4}.Release|Any CPU.ActiveCfg = Release|Any CPU
		{18A5DA1E-47B8-4A3C-ADDA-531FA5FCBDF4}.Release|Any CPU.Build.0 = Release|Any CPU
		{C55E59F1-E6A4-4B61-AB86-8A7BA03E64DC}.Debug|Any CPU.ActiveCfg = Debug|Any CPU
		{C55E59F1-E6A4-4B61-AB86-8A7BA03E64DC}.Debug|Any CPU.Build.0 = Debug|Any CPU
		{C55E59F1-E6A4-4B61-AB86-8A7BA03E64DC}.Release|Any CPU.ActiveCfg = Release|Any CPU
		{C55E59F1-E6A4-4B61-AB86-8A7BA03E64DC}.Release|Any CPU.Build.0 = Release|Any CPU
		{653B8928-3A8F-4912-BCD2-E658900205A9}.Debug|Any CPU.ActiveCfg = Debug|Any CPU
		{653B8928-3A8F-4912-BCD2-E658900205A9}.Debug|Any CPU.Build.0 = Debug|Any CPU
		{653B8928-3A8F-4912-BCD2-E658900205A9}.Release|Any CPU.ActiveCfg = Release|Any CPU
		{653B8928-3A8F-4912-BCD2-E658900205A9}.Release|Any CPU.Build.0 = Release|Any CPU
		{A0A460B9-CEB7-4B8C-898D-897708B7684B}.Debug|Any CPU.ActiveCfg = Debug|Any CPU
		{A0A460B9-CEB7-4B8C-898D-897708B7684B}.Debug|Any CPU.Build.0 = Debug|Any CPU
		{A0A460B9-CEB7-4B8C-898D-897708B7684B}.Release|Any CPU.ActiveCfg = Release|Any CPU
		{A0A460B9-CEB7-4B8C-898D-897708B7684B}.Release|Any CPU.Build.0 = Release|Any CPU
	EndGlobalSection
	GlobalSection(SolutionProperties) = preSolution
		HideSolutionNode = FALSE
	EndGlobalSection
	GlobalSection(NestedProjects) = preSolution
		{75CA82F6-7CAC-4527-9AB0-05AC75843B74} = {C75D5666-6E1F-40D4-9AE9-1C0CC5940BC0}
		{18A5DA1E-47B8-4A3C-ADDA-531FA5FCBDF4} = {C75D5666-6E1F-40D4-9AE9-1C0CC5940BC0}
		{C55E59F1-E6A4-4B61-AB86-8A7BA03E64DC} = {C75D5666-6E1F-40D4-9AE9-1C0CC5940BC0}
		{653B8928-3A8F-4912-BCD2-E658900205A9} = {C75D5666-6E1F-40D4-9AE9-1C0CC5940BC0}
		{A0A460B9-CEB7-4B8C-898D-897708B7684B} = {C75D5666-6E1F-40D4-9AE9-1C0CC5940BC0}
	EndGlobalSection
	GlobalSection(ExtensibilityGlobals) = postSolution
		SolutionGuid = {897E584A-7866-416A-91E7-7803856F8D9E}
	EndGlobalSection
EndGlobal
