
Microsoft Visual Studio Solution File, Format Version 12.00
# Visual Studio Version 16
VisualStudioVersion = 16.0.29905.134
MinimumVisualStudioVersion = 10.0.40219.1
Project("{FAE04EC0-301F-11D3-BF4B-00C04F79EFBC}") = "DesignPatterns.StrategyPattern", "DesignPatterns.StrategyPattern\DesignPatterns.StrategyPattern.csproj", "{75CA82F6-7CAC-4527-9AB0-05AC75843B74}"
EndProject
Global
	GlobalSection(SolutionConfigurationPlatforms) = preSolution
		Debug|Any CPU = Debug|Any CPU
		Release|Any CPU = Release|Any CPU
	EndGlobalSection
	GlobalSection(ProjectConfigurationPlatforms) = postSolution
		{75CA82F6-7CAC-4527-9AB0-05AC75843B74}.Debug|Any CPU.ActiveCfg = Debug|Any CPU
		{75CA82F6-7CAC-4527-9AB0-05AC75843B74}.Debug|Any CPU.Build.0 = Debug|Any CPU
		{75CA82F6-7CAC-4527-9AB0-05AC75843B74}.Release|Any CPU.ActiveCfg = Release|Any CPU
		{75CA82F6-7CAC-4527-9AB0-05AC75843B74}.Release|Any CPU.Build.0 = Release|Any CPU
	EndGlobalSection
	GlobalSection(SolutionProperties) = preSolution
		HideSolutionNode = FALSE
	EndGlobalSection
	GlobalSection(ExtensibilityGlobals) = postSolution
		SolutionGuid = {897E584A-7866-416A-91E7-7803856F8D9E}
	EndGlobalSection
EndGlobal
